
Microsoft Visual Studio Solution File, Format Version 12.00
# Visual Studio Version 16
VisualStudioVersion = 16.0.31025.194
MinimumVisualStudioVersion = 10.0.40219.1
Project("{2150E333-8FDC-42A3-9474-1A3956D46DE8}") = "Core", "Core", "{6386CB59-2BAF-4D08-8619-7138BCD93602}"
EndProject
Project("{9A19103F-16F7-4668-BE54-9A1E7A4F7556}") = "DrAgenda.Core", "DrAgenda.Core\DrAgenda.Core.csproj", "{EF60BC4B-0985-48A1-807A-10CD577F5349}"
EndProject
Project("{9A19103F-16F7-4668-BE54-9A1E7A4F7556}") = "DrAgenda.Shared", "DrAgenda.Shared\DrAgenda.Shared.csproj", "{71B7D700-F300-4079-9719-1230B4FF00E4}"
EndProject
Project("{9A19103F-16F7-4668-BE54-9A1E7A4F7556}") = "DrAgenda.Data", "DrAgenda.Data\DrAgenda.Data.csproj", "{D4BB30FD-CBF7-41F1-A800-3CBB86096ECC}"
EndProject
Project("{FAE04EC0-301F-11D3-BF4B-00C04F79EFBC}") = "DrAgenda.Migrations", "DrAgenda.Migrations\DrAgenda.Migrations.csproj", "{78E1DFA6-9F11-4EE4-9A6E-14B760C747FB}"
EndProject
Project("{2150E333-8FDC-42A3-9474-1A3956D46DE8}") = "API", "API", "{A8283B6C-24B6-486E-BF8F-1AC4CB2F4F72}"
EndProject
Project("{FAE04EC0-301F-11D3-BF4B-00C04F79EFBC}") = "DrAgenda.Api.Client", "DrAgenda.Api.Client\DrAgenda.Api.Client.csproj", "{22CCE55D-4319-4FEA-B007-513312F5A02B}"
EndProject
Project("{FAE04EC0-301F-11D3-BF4B-00C04F79EFBC}") = "Kendo.DynamicLinq", "Kendo.DynamicLinq\Kendo.DynamicLinq.csproj", "{145BC221-0295-482D-8A57-8DBFC46CE15A}"
EndProject
Global
	GlobalSection(SolutionConfigurationPlatforms) = preSolution
		Debug|Any CPU = Debug|Any CPU
		Release|Any CPU = Release|Any CPU
	EndGlobalSection
	GlobalSection(ProjectConfigurationPlatforms) = postSolution
		{EF60BC4B-0985-48A1-807A-10CD577F5349}.Debug|Any CPU.ActiveCfg = Debug|Any CPU
		{EF60BC4B-0985-48A1-807A-10CD577F5349}.Debug|Any CPU.Build.0 = Debug|Any CPU
		{EF60BC4B-0985-48A1-807A-10CD577F5349}.Release|Any CPU.ActiveCfg = Release|Any CPU
		{EF60BC4B-0985-48A1-807A-10CD577F5349}.Release|Any CPU.Build.0 = Release|Any CPU
		{71B7D700-F300-4079-9719-1230B4FF00E4}.Debug|Any CPU.ActiveCfg = Debug|Any CPU
		{71B7D700-F300-4079-9719-1230B4FF00E4}.Debug|Any CPU.Build.0 = Debug|Any CPU
		{71B7D700-F300-4079-9719-1230B4FF00E4}.Release|Any CPU.ActiveCfg = Release|Any CPU
		{71B7D700-F300-4079-9719-1230B4FF00E4}.Release|Any CPU.Build.0 = Release|Any CPU
		{D4BB30FD-CBF7-41F1-A800-3CBB86096ECC}.Debug|Any CPU.ActiveCfg = Debug|Any CPU
		{D4BB30FD-CBF7-41F1-A800-3CBB86096ECC}.Debug|Any CPU.Build.0 = Debug|Any CPU
		{D4BB30FD-CBF7-41F1-A800-3CBB86096ECC}.Release|Any CPU.ActiveCfg = Release|Any CPU
		{D4BB30FD-CBF7-41F1-A800-3CBB86096ECC}.Release|Any CPU.Build.0 = Release|Any CPU
		{78E1DFA6-9F11-4EE4-9A6E-14B760C747FB}.Debug|Any CPU.ActiveCfg = Debug|Any CPU
		{78E1DFA6-9F11-4EE4-9A6E-14B760C747FB}.Debug|Any CPU.Build.0 = Debug|Any CPU
		{78E1DFA6-9F11-4EE4-9A6E-14B760C747FB}.Release|Any CPU.ActiveCfg = Release|Any CPU
		{78E1DFA6-9F11-4EE4-9A6E-14B760C747FB}.Release|Any CPU.Build.0 = Release|Any CPU
		{22CCE55D-4319-4FEA-B007-513312F5A02B}.Debug|Any CPU.ActiveCfg = Debug|Any CPU
		{22CCE55D-4319-4FEA-B007-513312F5A02B}.Debug|Any CPU.Build.0 = Debug|Any CPU
		{22CCE55D-4319-4FEA-B007-513312F5A02B}.Release|Any CPU.ActiveCfg = Release|Any CPU
		{22CCE55D-4319-4FEA-B007-513312F5A02B}.Release|Any CPU.Build.0 = Release|Any CPU
		{145BC221-0295-482D-8A57-8DBFC46CE15A}.Debug|Any CPU.ActiveCfg = Debug|Any CPU
		{145BC221-0295-482D-8A57-8DBFC46CE15A}.Debug|Any CPU.Build.0 = Debug|Any CPU
		{145BC221-0295-482D-8A57-8DBFC46CE15A}.Release|Any CPU.ActiveCfg = Release|Any CPU
		{145BC221-0295-482D-8A57-8DBFC46CE15A}.Release|Any CPU.Build.0 = Release|Any CPU
	EndGlobalSection
	GlobalSection(SolutionProperties) = preSolution
		HideSolutionNode = FALSE
	EndGlobalSection
	GlobalSection(NestedProjects) = preSolution
		{EF60BC4B-0985-48A1-807A-10CD577F5349} = {6386CB59-2BAF-4D08-8619-7138BCD93602}
		{71B7D700-F300-4079-9719-1230B4FF00E4} = {6386CB59-2BAF-4D08-8619-7138BCD93602}
		{D4BB30FD-CBF7-41F1-A800-3CBB86096ECC} = {6386CB59-2BAF-4D08-8619-7138BCD93602}
		{78E1DFA6-9F11-4EE4-9A6E-14B760C747FB} = {6386CB59-2BAF-4D08-8619-7138BCD93602}
		{22CCE55D-4319-4FEA-B007-513312F5A02B} = {A8283B6C-24B6-486E-BF8F-1AC4CB2F4F72}
		{145BC221-0295-482D-8A57-8DBFC46CE15A} = {A8283B6C-24B6-486E-BF8F-1AC4CB2F4F72}
	EndGlobalSection
	GlobalSection(ExtensibilityGlobals) = postSolution
		SolutionGuid = {A9E1CF48-4DD9-4299-AB28-D92D1DC908D9}
	EndGlobalSection
EndGlobal
